{
  "name": "guess-image-layout",
  "version": "0.0.3",
  "lockfileVersion": 2,
  "requires": true,
  "packages": {
    "": {
      "name": "guess-image-layout",
      "version": "0.0.3",
      "license": "CC0-1.0",
      "dependencies": {
        "get-depth": "^0.0.3"
      },
      "devDependencies": {
        "find-and-read": "^1.0.0",
        "flug": "^2.1.0"
      }
    },
    "node_modules/find-and-read": {
      "version": "1.0.0",
      "resolved": "https://registry.npmjs.org/find-and-read/-/find-and-read-1.0.0.tgz",
      "integrity": "sha512-zpqeWQyVP5/maGhIod9UnUInIAV2PDxKNiOxzjv8py0TZEBw1NlxcfpXlCSjDg44JGgCWDdvDiLm/iNOPKC9gw==",
      "dev": true
    },
    "node_modules/flug": {
      "version": "2.1.0",
      "resolved": "https://registry.npmjs.org/flug/-/flug-2.1.0.tgz",
      "integrity": "sha512-2cYLCvJpeScx5/5xN/nGiJR2i7ZzN+1ipk/YoreQQGDgHkD1Do8F8/1eyzaUSwNsOB551FNWDQpWZWOKTy1nyQ==",
      "dev": true
    },
    "node_modules/get-depth": {
      "version": "0.0.3",
      "resolved": "https://registry.npmjs.org/get-depth/-/get-depth-0.0.3.tgz",
      "integrity": "sha512-A0yWzxfqobOgDC/hGNwUYKfNlV8+WnU0EoHazVaXvLyp/I8e8f/Fx/HFS0r2i0RJ5mXj3YmyM8KSN4trtAdHvA=="
    }
  },
  "dependencies": {
    "find-and-read": {
      "version": "1.0.0",
      "resolved": "https://registry.npmjs.org/find-and-read/-/find-and-read-1.0.0.tgz",
      "integrity": "sha512-zpqeWQyVP5/maGhIod9UnUInIAV2PDxKNiOxzjv8py0TZEBw1NlxcfpXlCSjDg44JGgCWDdvDiLm/iNOPKC9gw==",
      "dev": true
    },
    "flug": {
      "version": "2.1.0",
      "resolved": "https://registry.npmjs.org/flug/-/flug-2.1.0.tgz",
      "integrity": "sha512-2cYLCvJpeScx5/5xN/nGiJR2i7ZzN+1ipk/YoreQQGDgHkD1Do8F8/1eyzaUSwNsOB551FNWDQpWZWOKTy1nyQ==",
      "dev": true
    },
    "get-depth": {
      "version": "0.0.3",
      "resolved": "https://registry.npmjs.org/get-depth/-/get-depth-0.0.3.tgz",
      "integrity": "sha512-A0yWzxfqobOgDC/hGNwUYKfNlV8+WnU0EoHazVaXvLyp/I8e8f/Fx/HFS0r2i0RJ5mXj3YmyM8KSN4trtAdHvA=="
    }
  }
}
